// !$*UTF8*$!
{
	archiveVersion = 1;
	classes = {
	};
	objectVersion = 46;
	objects = {

/* Begin PBXBuildFile section */
		331DE83919D0937100B1E828 /* CalendarTableViewController.m in Sources */ = {isa = PBXBuildFile; fileRef = 331DE83819D0937100B1E828 /* CalendarTableViewController.m */; };
		331DE83E19D096BF00B1E828 /* EventKit.framework in Frameworks */ = {isa = PBXBuildFile; fileRef = 331DE83D19D096BF00B1E828 /* EventKit.framework */; };
		331DE84019D096C800B1E828 /* EventKitUI.framework in Frameworks */ = {isa = PBXBuildFile; fileRef = 331DE83F19D096C800B1E828 /* EventKitUI.framework */; };
		33509FB319D9A24A006BECBF /* DashboardTableViewController.m in Sources */ = {isa = PBXBuildFile; fileRef = 33509FB219D9A24A006BECBF /* DashboardTableViewController.m */; };
		33509FB619D9A285006BECBF /* DashboardTableView.m in Sources */ = {isa = PBXBuildFile; fileRef = 33509FB519D9A285006BECBF /* DashboardTableView.m */; };
		33509FB919D9A2B7006BECBF /* GroupTableView.m in Sources */ = {isa = PBXBuildFile; fileRef = 33509FB819D9A2B7006BECBF /* GroupTableView.m */; };
		33509FBC19D9A2C7006BECBF /* GroupTableViewController.m in Sources */ = {isa = PBXBuildFile; fileRef = 33509FBB19D9A2C7006BECBF /* GroupTableViewController.m */; };
		33509FBF19D9A2EC006BECBF /* ReportTableViewController.m in Sources */ = {isa = PBXBuildFile; fileRef = 33509FBE19D9A2EB006BECBF /* ReportTableViewController.m */; };
		33509FC219D9A2FF006BECBF /* ReportTableView.m in Sources */ = {isa = PBXBuildFile; fileRef = 33509FC119D9A2FF006BECBF /* ReportTableView.m */; };
		33509FC519D9A33D006BECBF /* PaymentViewController.m in Sources */ = {isa = PBXBuildFile; fileRef = 33509FC419D9A33D006BECBF /* PaymentViewController.m */; };
		33509FC819D9A39F006BECBF /* ShoppingListViewController.m in Sources */ = {isa = PBXBuildFile; fileRef = 33509FC719D9A39F006BECBF /* ShoppingListViewController.m */; };
		33509FCB19D9A3E4006BECBF /* ShoppingListTableViewController.m in Sources */ = {isa = PBXBuildFile; fileRef = 33509FCA19D9A3E4006BECBF /* ShoppingListTableViewController.m */; };
		33509FCE19D9A3F8006BECBF /* ShoppingListTableView.m in Sources */ = {isa = PBXBuildFile; fileRef = 33509FCD19D9A3F8006BECBF /* ShoppingListTableView.m */; };
		33509FD119D9A42A006BECBF /* PendingTableView.m in Sources */ = {isa = PBXBuildFile; fileRef = 33509FD019D9A42A006BECBF /* PendingTableView.m */; };
		33509FD419D9A438006BECBF /* PendingTableViewController.m in Sources */ = {isa = PBXBuildFile; fileRef = 33509FD319D9A438006BECBF /* PendingTableViewController.m */; };
		33509FD719D9A45B006BECBF /* ProductEntryViewController.m in Sources */ = {isa = PBXBuildFile; fileRef = 33509FD619D9A45B006BECBF /* ProductEntryViewController.m */; };
		33509FDA19D9A46F006BECBF /* PhotoViewController.m in Sources */ = {isa = PBXBuildFile; fileRef = 33509FD919D9A46F006BECBF /* PhotoViewController.m */; };
		33509FDD19D9A482006BECBF /* CameraViewController.m in Sources */ = {isa = PBXBuildFile; fileRef = 33509FDC19D9A482006BECBF /* CameraViewController.m */; };
		33509FE019D9AC4D006BECBF /* AccountViewController.m in Sources */ = {isa = PBXBuildFile; fileRef = 33509FDF19D9AC4D006BECBF /* AccountViewController.m */; };
		3385294119CA1BB70074D140 /* Foundation.framework in Frameworks */ = {isa = PBXBuildFile; fileRef = 3385294019CA1BB70074D140 /* Foundation.framework */; };
		3385294319CA1BB70074D140 /* CoreGraphics.framework in Frameworks */ = {isa = PBXBuildFile; fileRef = 3385294219CA1BB70074D140 /* CoreGraphics.framework */; };
		3385294519CA1BB70074D140 /* UIKit.framework in Frameworks */ = {isa = PBXBuildFile; fileRef = 3385294419CA1BB70074D140 /* UIKit.framework */; };
		3385294B19CA1BB70074D140 /* InfoPlist.strings in Resources */ = {isa = PBXBuildFile; fileRef = 3385294919CA1BB70074D140 /* InfoPlist.strings */; };
		3385294D19CA1BB70074D140 /* main.m in Sources */ = {isa = PBXBuildFile; fileRef = 3385294C19CA1BB70074D140 /* main.m */; };
		3385295119CA1BB70074D140 /* AppDelegate.m in Sources */ = {isa = PBXBuildFile; fileRef = 3385295019CA1BB70074D140 /* AppDelegate.m */; };
		3385295C19CA1BB70074D140 /* Images.xcassets in Resources */ = {isa = PBXBuildFile; fileRef = 3385295B19CA1BB70074D140 /* Images.xcassets */; };
		3385296319CA1BB70074D140 /* XCTest.framework in Frameworks */ = {isa = PBXBuildFile; fileRef = 3385296219CA1BB70074D140 /* XCTest.framework */; };
		3385296419CA1BB70074D140 /* Foundation.framework in Frameworks */ = {isa = PBXBuildFile; fileRef = 3385294019CA1BB70074D140 /* Foundation.framework */; };
		3385296519CA1BB70074D140 /* UIKit.framework in Frameworks */ = {isa = PBXBuildFile; fileRef = 3385294419CA1BB70074D140 /* UIKit.framework */; };
		3385296D19CA1BB70074D140 /* InfoPlist.strings in Resources */ = {isa = PBXBuildFile; fileRef = 3385296B19CA1BB70074D140 /* InfoPlist.strings */; };
		3385296F19CA1BB70074D140 /* BillAppTests.m in Sources */ = {isa = PBXBuildFile; fileRef = 3385296E19CA1BB70074D140 /* BillAppTests.m */; };
		338C630219D9E34F003D113C /* ReceiptTableViewController.m in Sources */ = {isa = PBXBuildFile; fileRef = 338C630119D9E34F003D113C /* ReceiptTableViewController.m */; };
		338C630519D9E369003D113C /* BarcodeViewController.m in Sources */ = {isa = PBXBuildFile; fileRef = 338C630419D9E369003D113C /* BarcodeViewController.m */; };
		339A503019D30C4A00FE1513 /* Storyboard.storyboard in Resources */ = {isa = PBXBuildFile; fileRef = 339A502F19D30C4A00FE1513 /* Storyboard.storyboard */; };
/* End PBXBuildFile section */

/* Begin PBXContainerItemProxy section */
		3385296619CA1BB70074D140 /* PBXContainerItemProxy */ = {
			isa = PBXContainerItemProxy;
			containerPortal = 3385293519CA1BB70074D140 /* Project object */;
			proxyType = 1;
			remoteGlobalIDString = 3385293C19CA1BB70074D140;
			remoteInfo = BillApp;
		};
/* End PBXContainerItemProxy section */

/* Begin PBXFileReference section */
		331DE83719D0937100B1E828 /* CalendarTableViewController.h */ = {isa = PBXFileReference; fileEncoding = 4; lastKnownFileType = sourcecode.c.h; path = CalendarTableViewController.h; sourceTree = "<group>"; };
		331DE83819D0937100B1E828 /* CalendarTableViewController.m */ = {isa = PBXFileReference; fileEncoding = 4; lastKnownFileType = sourcecode.c.objc; path = CalendarTableViewController.m; sourceTree = "<group>"; };
		331DE83D19D096BF00B1E828 /* EventKit.framework */ = {isa = PBXFileReference; lastKnownFileType = wrapper.framework; name = EventKit.framework; path = System/Library/Frameworks/EventKit.framework; sourceTree = SDKROOT; };
		331DE83F19D096C800B1E828 /* EventKitUI.framework */ = {isa = PBXFileReference; lastKnownFileType = wrapper.framework; name = EventKitUI.framework; path = System/Library/Frameworks/EventKitUI.framework; sourceTree = SDKROOT; };
		33509FB119D9A24A006BECBF /* DashboardTableViewController.h */ = {isa = PBXFileReference; fileEncoding = 4; lastKnownFileType = sourcecode.c.h; path = DashboardTableViewController.h; sourceTree = "<group>"; };
		33509FB219D9A24A006BECBF /* DashboardTableViewController.m */ = {isa = PBXFileReference; fileEncoding = 4; lastKnownFileType = sourcecode.c.objc; path = DashboardTableViewController.m; sourceTree = "<group>"; };
		33509FB419D9A285006BECBF /* DashboardTableView.h */ = {isa = PBXFileReference; fileEncoding = 4; lastKnownFileType = sourcecode.c.h; path = DashboardTableView.h; sourceTree = "<group>"; };
		33509FB519D9A285006BECBF /* DashboardTableView.m */ = {isa = PBXFileReference; fileEncoding = 4; lastKnownFileType = sourcecode.c.objc; path = DashboardTableView.m; sourceTree = "<group>"; };
		33509FB719D9A2B7006BECBF /* GroupTableView.h */ = {isa = PBXFileReference; fileEncoding = 4; lastKnownFileType = sourcecode.c.h; path = GroupTableView.h; sourceTree = "<group>"; };
		33509FB819D9A2B7006BECBF /* GroupTableView.m */ = {isa = PBXFileReference; fileEncoding = 4; lastKnownFileType = sourcecode.c.objc; path = GroupTableView.m; sourceTree = "<group>"; };
		33509FBA19D9A2C7006BECBF /* GroupTableViewController.h */ = {isa = PBXFileReference; fileEncoding = 4; lastKnownFileType = sourcecode.c.h; path = GroupTableViewController.h; sourceTree = "<group>"; };
		33509FBB19D9A2C7006BECBF /* GroupTableViewController.m */ = {isa = PBXFileReference; fileEncoding = 4; lastKnownFileType = sourcecode.c.objc; path = GroupTableViewController.m; sourceTree = "<group>"; };
		33509FBD19D9A2EB006BECBF /* ReportTableViewController.h */ = {isa = PBXFileReference; fileEncoding = 4; lastKnownFileType = sourcecode.c.h; path = ReportTableViewController.h; sourceTree = "<group>"; };
		33509FBE19D9A2EB006BECBF /* ReportTableViewController.m */ = {isa = PBXFileReference; fileEncoding = 4; lastKnownFileType = sourcecode.c.objc; path = ReportTableViewController.m; sourceTree = "<group>"; };
		33509FC019D9A2FF006BECBF /* ReportTableView.h */ = {isa = PBXFileReference; fileEncoding = 4; lastKnownFileType = sourcecode.c.h; path = ReportTableView.h; sourceTree = "<group>"; };
		33509FC119D9A2FF006BECBF /* ReportTableView.m */ = {isa = PBXFileReference; fileEncoding = 4; lastKnownFileType = sourcecode.c.objc; path = ReportTableView.m; sourceTree = "<group>"; };
		33509FC319D9A33D006BECBF /* PaymentViewController.h */ = {isa = PBXFileReference; fileEncoding = 4; lastKnownFileType = sourcecode.c.h; path = PaymentViewController.h; sourceTree = "<group>"; };
		33509FC419D9A33D006BECBF /* PaymentViewController.m */ = {isa = PBXFileReference; fileEncoding = 4; lastKnownFileType = sourcecode.c.objc; path = PaymentViewController.m; sourceTree = "<group>"; };
		33509FC619D9A39F006BECBF /* ShoppingListViewController.h */ = {isa = PBXFileReference; fileEncoding = 4; lastKnownFileType = sourcecode.c.h; path = ShoppingListViewController.h; sourceTree = "<group>"; };
		33509FC719D9A39F006BECBF /* ShoppingListViewController.m */ = {isa = PBXFileReference; fileEncoding = 4; lastKnownFileType = sourcecode.c.objc; path = ShoppingListViewController.m; sourceTree = "<group>"; };
		33509FC919D9A3E4006BECBF /* ShoppingListTableViewController.h */ = {isa = PBXFileReference; fileEncoding = 4; lastKnownFileType = sourcecode.c.h; path = ShoppingListTableViewController.h; sourceTree = "<group>"; };
		33509FCA19D9A3E4006BECBF /* ShoppingListTableViewController.m */ = {isa = PBXFileReference; fileEncoding = 4; lastKnownFileType = sourcecode.c.objc; path = ShoppingListTableViewController.m; sourceTree = "<group>"; };
		33509FCC19D9A3F8006BECBF /* ShoppingListTableView.h */ = {isa = PBXFileReference; fileEncoding = 4; lastKnownFileType = sourcecode.c.h; path = ShoppingListTableView.h; sourceTree = "<group>"; };
		33509FCD19D9A3F8006BECBF /* ShoppingListTableView.m */ = {isa = PBXFileReference; fileEncoding = 4; lastKnownFileType = sourcecode.c.objc; path = ShoppingListTableView.m; sourceTree = "<group>"; };
		33509FCF19D9A42A006BECBF /* PendingTableView.h */ = {isa = PBXFileReference; fileEncoding = 4; lastKnownFileType = sourcecode.c.h; path = PendingTableView.h; sourceTree = "<group>"; };
		33509FD019D9A42A006BECBF /* PendingTableView.m */ = {isa = PBXFileReference; fileEncoding = 4; lastKnownFileType = sourcecode.c.objc; path = PendingTableView.m; sourceTree = "<group>"; };
		33509FD219D9A438006BECBF /* PendingTableViewController.h */ = {isa = PBXFileReference; fileEncoding = 4; lastKnownFileType = sourcecode.c.h; path = PendingTableViewController.h; sourceTree = "<group>"; };
		33509FD319D9A438006BECBF /* PendingTableViewController.m */ = {isa = PBXFileReference; fileEncoding = 4; lastKnownFileType = sourcecode.c.objc; path = PendingTableViewController.m; sourceTree = "<group>"; };
		33509FD519D9A45B006BECBF /* ProductEntryViewController.h */ = {isa = PBXFileReference; fileEncoding = 4; lastKnownFileType = sourcecode.c.h; path = ProductEntryViewController.h; sourceTree = "<group>"; };
		33509FD619D9A45B006BECBF /* ProductEntryViewController.m */ = {isa = PBXFileReference; fileEncoding = 4; lastKnownFileType = sourcecode.c.objc; path = ProductEntryViewController.m; sourceTree = "<group>"; };
		33509FD819D9A46F006BECBF /* PhotoViewController.h */ = {isa = PBXFileReference; fileEncoding = 4; lastKnownFileType = sourcecode.c.h; path = PhotoViewController.h; sourceTree = "<group>"; };
		33509FD919D9A46F006BECBF /* PhotoViewController.m */ = {isa = PBXFileReference; fileEncoding = 4; lastKnownFileType = sourcecode.c.objc; path = PhotoViewController.m; sourceTree = "<group>"; };
		33509FDB19D9A482006BECBF /* CameraViewController.h */ = {isa = PBXFileReference; fileEncoding = 4; lastKnownFileType = sourcecode.c.h; path = CameraViewController.h; sourceTree = "<group>"; };
		33509FDC19D9A482006BECBF /* CameraViewController.m */ = {isa = PBXFileReference; fileEncoding = 4; lastKnownFileType = sourcecode.c.objc; path = CameraViewController.m; sourceTree = "<group>"; };
		33509FDE19D9AC4D006BECBF /* AccountViewController.h */ = {isa = PBXFileReference; fileEncoding = 4; lastKnownFileType = sourcecode.c.h; path = AccountViewController.h; sourceTree = "<group>"; };
		33509FDF19D9AC4D006BECBF /* AccountViewController.m */ = {isa = PBXFileReference; fileEncoding = 4; lastKnownFileType = sourcecode.c.objc; path = AccountViewController.m; sourceTree = "<group>"; };
		3385293D19CA1BB70074D140 /* BillApp.app */ = {isa = PBXFileReference; explicitFileType = wrapper.application; includeInIndex = 0; path = BillApp.app; sourceTree = BUILT_PRODUCTS_DIR; };
		3385294019CA1BB70074D140 /* Foundation.framework */ = {isa = PBXFileReference; lastKnownFileType = wrapper.framework; name = Foundation.framework; path = System/Library/Frameworks/Foundation.framework; sourceTree = SDKROOT; };
		3385294219CA1BB70074D140 /* CoreGraphics.framework */ = {isa = PBXFileReference; lastKnownFileType = wrapper.framework; name = CoreGraphics.framework; path = System/Library/Frameworks/CoreGraphics.framework; sourceTree = SDKROOT; };
		3385294419CA1BB70074D140 /* UIKit.framework */ = {isa = PBXFileReference; lastKnownFileType = wrapper.framework; name = UIKit.framework; path = System/Library/Frameworks/UIKit.framework; sourceTree = SDKROOT; };
		3385294819CA1BB70074D140 /* BillApp-Info.plist */ = {isa = PBXFileReference; lastKnownFileType = text.plist.xml; path = "BillApp-Info.plist"; sourceTree = "<group>"; };
		3385294A19CA1BB70074D140 /* en */ = {isa = PBXFileReference; lastKnownFileType = text.plist.strings; name = en; path = en.lproj/InfoPlist.strings; sourceTree = "<group>"; };
		3385294C19CA1BB70074D140 /* main.m */ = {isa = PBXFileReference; lastKnownFileType = sourcecode.c.objc; path = main.m; sourceTree = "<group>"; };
		3385294E19CA1BB70074D140 /* BillApp-Prefix.pch */ = {isa = PBXFileReference; lastKnownFileType = sourcecode.c.h; path = "BillApp-Prefix.pch"; sourceTree = "<group>"; };
		3385294F19CA1BB70074D140 /* AppDelegate.h */ = {isa = PBXFileReference; lastKnownFileType = sourcecode.c.h; path = AppDelegate.h; sourceTree = "<group>"; };
		3385295019CA1BB70074D140 /* AppDelegate.m */ = {isa = PBXFileReference; lastKnownFileType = sourcecode.c.objc; path = AppDelegate.m; sourceTree = "<group>"; };
		3385295B19CA1BB70074D140 /* Images.xcassets */ = {isa = PBXFileReference; lastKnownFileType = folder.assetcatalog; path = Images.xcassets; sourceTree = "<group>"; };
		3385296119CA1BB70074D140 /* BillAppTests.xctest */ = {isa = PBXFileReference; explicitFileType = wrapper.cfbundle; includeInIndex = 0; path = BillAppTests.xctest; sourceTree = BUILT_PRODUCTS_DIR; };
		3385296219CA1BB70074D140 /* XCTest.framework */ = {isa = PBXFileReference; lastKnownFileType = wrapper.framework; name = XCTest.framework; path = Library/Frameworks/XCTest.framework; sourceTree = DEVELOPER_DIR; };
		3385296A19CA1BB70074D140 /* BillAppTests-Info.plist */ = {isa = PBXFileReference; lastKnownFileType = text.plist.xml; path = "BillAppTests-Info.plist"; sourceTree = "<group>"; };
		3385296C19CA1BB70074D140 /* en */ = {isa = PBXFileReference; lastKnownFileType = text.plist.strings; name = en; path = en.lproj/InfoPlist.strings; sourceTree = "<group>"; };
		3385296E19CA1BB70074D140 /* BillAppTests.m */ = {isa = PBXFileReference; lastKnownFileType = sourcecode.c.objc; path = BillAppTests.m; sourceTree = "<group>"; };
		338C630019D9E34F003D113C /* ReceiptTableViewController.h */ = {isa = PBXFileReference; fileEncoding = 4; lastKnownFileType = sourcecode.c.h; path = ReceiptTableViewController.h; sourceTree = "<group>"; };
		338C630119D9E34F003D113C /* ReceiptTableViewController.m */ = {isa = PBXFileReference; fileEncoding = 4; lastKnownFileType = sourcecode.c.objc; path = ReceiptTableViewController.m; sourceTree = "<group>"; };
		338C630319D9E369003D113C /* BarcodeViewController.h */ = {isa = PBXFileReference; fileEncoding = 4; lastKnownFileType = sourcecode.c.h; path = BarcodeViewController.h; sourceTree = "<group>"; };
		338C630419D9E369003D113C /* BarcodeViewController.m */ = {isa = PBXFileReference; fileEncoding = 4; lastKnownFileType = sourcecode.c.objc; path = BarcodeViewController.m; sourceTree = "<group>"; };
		339A502F19D30C4A00FE1513 /* Storyboard.storyboard */ = {isa = PBXFileReference; fileEncoding = 4; lastKnownFileType = file.storyboard; path = Storyboard.storyboard; sourceTree = "<group>"; };
/* End PBXFileReference section */

/* Begin PBXFrameworksBuildPhase section */
		3385293A19CA1BB70074D140 /* Frameworks */ = {
			isa = PBXFrameworksBuildPhase;
			buildActionMask = 2147483647;
			files = (
				331DE84019D096C800B1E828 /* EventKitUI.framework in Frameworks */,
				331DE83E19D096BF00B1E828 /* EventKit.framework in Frameworks */,
				3385294319CA1BB70074D140 /* CoreGraphics.framework in Frameworks */,
				3385294519CA1BB70074D140 /* UIKit.framework in Frameworks */,
				3385294119CA1BB70074D140 /* Foundation.framework in Frameworks */,
			);
			runOnlyForDeploymentPostprocessing = 0;
		};
		3385295E19CA1BB70074D140 /* Frameworks */ = {
			isa = PBXFrameworksBuildPhase;
			buildActionMask = 2147483647;
			files = (
				3385296319CA1BB70074D140 /* XCTest.framework in Frameworks */,
				3385296519CA1BB70074D140 /* UIKit.framework in Frameworks */,
				3385296419CA1BB70074D140 /* Foundation.framework in Frameworks */,
			);
			runOnlyForDeploymentPostprocessing = 0;
		};
/* End PBXFrameworksBuildPhase section */

/* Begin PBXGroup section */
		3385293419CA1BB70074D140 = {
			isa = PBXGroup;
			children = (
				3385294619CA1BB70074D140 /* BillApp */,
				3385296819CA1BB70074D140 /* BillAppTests */,
				3385293F19CA1BB70074D140 /* Frameworks */,
				3385293E19CA1BB70074D140 /* Products */,
			);
			sourceTree = "<group>";
		};
		3385293E19CA1BB70074D140 /* Products */ = {
			isa = PBXGroup;
			children = (
				3385293D19CA1BB70074D140 /* BillApp.app */,
				3385296119CA1BB70074D140 /* BillAppTests.xctest */,
			);
			name = Products;
			sourceTree = "<group>";
		};
		3385293F19CA1BB70074D140 /* Frameworks */ = {
			isa = PBXGroup;
			children = (
				331DE83F19D096C800B1E828 /* EventKitUI.framework */,
				331DE83D19D096BF00B1E828 /* EventKit.framework */,
				3385294019CA1BB70074D140 /* Foundation.framework */,
				3385294219CA1BB70074D140 /* CoreGraphics.framework */,
				3385294419CA1BB70074D140 /* UIKit.framework */,
				3385296219CA1BB70074D140 /* XCTest.framework */,
			);
			name = Frameworks;
			sourceTree = "<group>";
		};
		3385294619CA1BB70074D140 /* BillApp */ = {
			isa = PBXGroup;
			children = (
				3385294F19CA1BB70074D140 /* AppDelegate.h */,
				3385295019CA1BB70074D140 /* AppDelegate.m */,
				3385295B19CA1BB70074D140 /* Images.xcassets */,
				3385294719CA1BB70074D140 /* Supporting Files */,
				331DE83719D0937100B1E828 /* CalendarTableViewController.h */,
				331DE83819D0937100B1E828 /* CalendarTableViewController.m */,
				339A502F19D30C4A00FE1513 /* Storyboard.storyboard */,
				338C630319D9E369003D113C /* BarcodeViewController.h */,
				338C630419D9E369003D113C /* BarcodeViewController.m */,
				338C630019D9E34F003D113C /* ReceiptTableViewController.h */,
				338C630119D9E34F003D113C /* ReceiptTableViewController.m */,
				33509FDB19D9A482006BECBF /* CameraViewController.h */,
				33509FDC19D9A482006BECBF /* CameraViewController.m */,
				33509FD819D9A46F006BECBF /* PhotoViewController.h */,
				33509FD919D9A46F006BECBF /* PhotoViewController.m */,
				33509FD519D9A45B006BECBF /* ProductEntryViewController.h */,
				33509FD619D9A45B006BECBF /* ProductEntryViewController.m */,
				33509FCF19D9A42A006BECBF /* PendingTableView.h */,
				33509FD019D9A42A006BECBF /* PendingTableView.m */,
				33509FD219D9A438006BECBF /* PendingTableViewController.h */,
				33509FD319D9A438006BECBF /* PendingTableViewController.m */,
				33509FC919D9A3E4006BECBF /* ShoppingListTableViewController.h */,
				33509FCA19D9A3E4006BECBF /* ShoppingListTableViewController.m */,
				33509FCC19D9A3F8006BECBF /* ShoppingListTableView.h */,
				33509FCD19D9A3F8006BECBF /* ShoppingListTableView.m */,
				33509FC619D9A39F006BECBF /* ShoppingListViewController.h */,
				33509FC719D9A39F006BECBF /* ShoppingListViewController.m */,
				33509FC319D9A33D006BECBF /* PaymentViewController.h */,
				33509FC419D9A33D006BECBF /* PaymentViewController.m */,
				33509FBD19D9A2EB006BECBF /* ReportTableViewController.h */,
				33509FBE19D9A2EB006BECBF /* ReportTableViewController.m */,
				33509FC019D9A2FF006BECBF /* ReportTableView.h */,
				33509FC119D9A2FF006BECBF /* ReportTableView.m */,
				33509FB719D9A2B7006BECBF /* GroupTableView.h */,
				33509FB819D9A2B7006BECBF /* GroupTableView.m */,
				33509FBA19D9A2C7006BECBF /* GroupTableViewController.h */,
				33509FBB19D9A2C7006BECBF /* GroupTableViewController.m */,
				33509FB419D9A285006BECBF /* DashboardTableView.h */,
				33509FB519D9A285006BECBF /* DashboardTableView.m */,
				33509FB119D9A24A006BECBF /* DashboardTableViewController.h */,
				33509FB219D9A24A006BECBF /* DashboardTableViewController.m */,
				33509FDE19D9AC4D006BECBF /* AccountViewController.h */,
				33509FDF19D9AC4D006BECBF /* AccountViewController.m */,
			);
			path = BillApp;
			sourceTree = "<group>";
		};
		3385294719CA1BB70074D140 /* Supporting Files */ = {
			isa = PBXGroup;
			children = (
				3385294819CA1BB70074D140 /* BillApp-Info.plist */,
				3385294919CA1BB70074D140 /* InfoPlist.strings */,
				3385294C19CA1BB70074D140 /* main.m */,
				3385294E19CA1BB70074D140 /* BillApp-Prefix.pch */,
			);
			name = "Supporting Files";
			sourceTree = "<group>";
		};
		3385296819CA1BB70074D140 /* BillAppTests */ = {
			isa = PBXGroup;
			children = (
				3385296E19CA1BB70074D140 /* BillAppTests.m */,
				3385296919CA1BB70074D140 /* Supporting Files */,
			);
			path = BillAppTests;
			sourceTree = "<group>";
		};
		3385296919CA1BB70074D140 /* Supporting Files */ = {
			isa = PBXGroup;
			children = (
				3385296A19CA1BB70074D140 /* BillAppTests-Info.plist */,
				3385296B19CA1BB70074D140 /* InfoPlist.strings */,
			);
			name = "Supporting Files";
			sourceTree = "<group>";
		};
/* End PBXGroup section */

/* Begin PBXNativeTarget section */
		3385293C19CA1BB70074D140 /* BillApp */ = {
			isa = PBXNativeTarget;
			buildConfigurationList = 3385297219CA1BB70074D140 /* Build configuration list for PBXNativeTarget "BillApp" */;
			buildPhases = (
				3385293919CA1BB70074D140 /* Sources */,
				3385293A19CA1BB70074D140 /* Frameworks */,
				3385293B19CA1BB70074D140 /* Resources */,
			);
			buildRules = (
			);
			dependencies = (
			);
			name = BillApp;
			productName = BillApp;
			productReference = 3385293D19CA1BB70074D140 /* BillApp.app */;
			productType = "com.apple.product-type.application";
		};
		3385296019CA1BB70074D140 /* BillAppTests */ = {
			isa = PBXNativeTarget;
			buildConfigurationList = 3385297519CA1BB70074D140 /* Build configuration list for PBXNativeTarget "BillAppTests" */;
			buildPhases = (
				3385295D19CA1BB70074D140 /* Sources */,
				3385295E19CA1BB70074D140 /* Frameworks */,
				3385295F19CA1BB70074D140 /* Resources */,
			);
			buildRules = (
			);
			dependencies = (
				3385296719CA1BB70074D140 /* PBXTargetDependency */,
			);
			name = BillAppTests;
			productName = BillAppTests;
			productReference = 3385296119CA1BB70074D140 /* BillAppTests.xctest */;
			productType = "com.apple.product-type.bundle.unit-test";
		};
/* End PBXNativeTarget section */

/* Begin PBXProject section */
		3385293519CA1BB70074D140 /* Project object */ = {
			isa = PBXProject;
			attributes = {
				LastUpgradeCheck = 0510;
				ORGANIZATIONNAME = Team4;
				TargetAttributes = {
					3385296019CA1BB70074D140 = {
						TestTargetID = 3385293C19CA1BB70074D140;
					};
				};
			};
			buildConfigurationList = 3385293819CA1BB70074D140 /* Build configuration list for PBXProject "BillApp" */;
			compatibilityVersion = "Xcode 3.2";
			developmentRegion = English;
			hasScannedForEncodings = 0;
			knownRegions = (
				en,
				Base,
			);
			mainGroup = 3385293419CA1BB70074D140;
			productRefGroup = 3385293E19CA1BB70074D140 /* Products */;
			projectDirPath = "";
			projectRoot = "";
			targets = (
				3385293C19CA1BB70074D140 /* BillApp */,
				3385296019CA1BB70074D140 /* BillAppTests */,
			);
		};
/* End PBXProject section */

/* Begin PBXResourcesBuildPhase section */
		3385293B19CA1BB70074D140 /* Resources */ = {
			isa = PBXResourcesBuildPhase;
			buildActionMask = 2147483647;
			files = (
				339A503019D30C4A00FE1513 /* Storyboard.storyboard in Resources */,
				3385295C19CA1BB70074D140 /* Images.xcassets in Resources */,
				3385294B19CA1BB70074D140 /* InfoPlist.strings in Resources */,
			);
			runOnlyForDeploymentPostprocessing = 0;
		};
		3385295F19CA1BB70074D140 /* Resources */ = {
			isa = PBXResourcesBuildPhase;
			buildActionMask = 2147483647;
			files = (
				3385296D19CA1BB70074D140 /* InfoPlist.strings in Resources */,
			);
			runOnlyForDeploymentPostprocessing = 0;
		};
/* End PBXResourcesBuildPhase section */

/* Begin PBXSourcesBuildPhase section */
		3385293919CA1BB70074D140 /* Sources */ = {
			isa = PBXSourcesBuildPhase;
			buildActionMask = 2147483647;
			files = (
				3385295119CA1BB70074D140 /* AppDelegate.m in Sources */,
				33509FDD19D9A482006BECBF /* CameraViewController.m in Sources */,
				33509FC219D9A2FF006BECBF /* ReportTableView.m in Sources */,
				338C630519D9E369003D113C /* BarcodeViewController.m in Sources */,
				33509FBC19D9A2C7006BECBF /* GroupTableViewController.m in Sources */,
				33509FD419D9A438006BECBF /* PendingTableViewController.m in Sources */,
				33509FCE19D9A3F8006BECBF /* ShoppingListTableView.m in Sources */,
				338C630219D9E34F003D113C /* ReceiptTableViewController.m in Sources */,
				33509FC519D9A33D006BECBF /* PaymentViewController.m in Sources */,
				33509FD719D9A45B006BECBF /* ProductEntryViewController.m in Sources */,
				33509FB919D9A2B7006BECBF /* GroupTableView.m in Sources */,
				3385294D19CA1BB70074D140 /* main.m in Sources */,
				33509FC819D9A39F006BECBF /* ShoppingListViewController.m in Sources */,
				33509FBF19D9A2EC006BECBF /* ReportTableViewController.m in Sources */,
				331DE83919D0937100B1E828 /* CalendarTableViewController.m in Sources */,
				33509FE019D9AC4D006BECBF /* AccountViewController.m in Sources */,
				33509FD119D9A42A006BECBF /* PendingTableView.m in Sources */,
				33509FB619D9A285006BECBF /* DashboardTableView.m in Sources */,
				33509FDA19D9A46F006BECBF /* PhotoViewController.m in Sources */,
				33509FCB19D9A3E4006BECBF /* ShoppingListTableViewController.m in Sources */,
				33509FB319D9A24A006BECBF /* DashboardTableViewController.m in Sources */,
			);
			runOnlyForDeploymentPostprocessing = 0;
		};
		3385295D19CA1BB70074D140 /* Sources */ = {
			isa = PBXSourcesBuildPhase;
			buildActionMask = 2147483647;
			files = (
				3385296F19CA1BB70074D140 /* BillAppTests.m in Sources */,
			);
			runOnlyForDeploymentPostprocessing = 0;
		};
/* End PBXSourcesBuildPhase section */

/* Begin PBXTargetDependency section */
		3385296719CA1BB70074D140 /* PBXTargetDependency */ = {
			isa = PBXTargetDependency;
			target = 3385293C19CA1BB70074D140 /* BillApp */;
			targetProxy = 3385296619CA1BB70074D140 /* PBXContainerItemProxy */;
		};
/* End PBXTargetDependency section */

/* Begin PBXVariantGroup section */
		3385294919CA1BB70074D140 /* InfoPlist.strings */ = {
			isa = PBXVariantGroup;
			children = (
				3385294A19CA1BB70074D140 /* en */,
			);
			name = InfoPlist.strings;
			sourceTree = "<group>";
		};
		3385296B19CA1BB70074D140 /* InfoPlist.strings */ = {
			isa = PBXVariantGroup;
			children = (
				3385296C19CA1BB70074D140 /* en */,
			);
			name = InfoPlist.strings;
			sourceTree = "<group>";
		};
/* End PBXVariantGroup section */

/* Begin XCBuildConfiguration section */
		3385297019CA1BB70074D140 /* Debug */ = {
			isa = XCBuildConfiguration;
			buildSettings = {
				ALWAYS_SEARCH_USER_PATHS = NO;
				CLANG_CXX_LANGUAGE_STANDARD = "gnu++0x";
				CLANG_CXX_LIBRARY = "libc++";
				CLANG_ENABLE_MODULES = YES;
				CLANG_ENABLE_OBJC_ARC = YES;
				CLANG_WARN_BOOL_CONVERSION = YES;
				CLANG_WARN_CONSTANT_CONVERSION = YES;
				CLANG_WARN_DIRECT_OBJC_ISA_USAGE = YES_ERROR;
				CLANG_WARN_EMPTY_BODY = YES;
				CLANG_WARN_ENUM_CONVERSION = YES;
				CLANG_WARN_INT_CONVERSION = YES;
				CLANG_WARN_OBJC_ROOT_CLASS = YES_ERROR;
				CLANG_WARN__DUPLICATE_METHOD_MATCH = YES;
				"CODE_SIGN_IDENTITY[sdk=iphoneos*]" = "iPhone Developer";
				COPY_PHASE_STRIP = NO;
				GCC_C_LANGUAGE_STANDARD = gnu99;
				GCC_DYNAMIC_NO_PIC = NO;
				GCC_OPTIMIZATION_LEVEL = 0;
				GCC_PREPROCESSOR_DEFINITIONS = (
					"DEBUG=1",
					"$(inherited)",
				);
				GCC_SYMBOLS_PRIVATE_EXTERN = NO;
				GCC_WARN_64_TO_32_BIT_CONVERSION = YES;
				GCC_WARN_ABOUT_RETURN_TYPE = YES_ERROR;
				GCC_WARN_UNDECLARED_SELECTOR = YES;
				GCC_WARN_UNINITIALIZED_AUTOS = YES_AGGRESSIVE;
				GCC_WARN_UNUSED_FUNCTION = YES;
				GCC_WARN_UNUSED_VARIABLE = YES;
				IPHONEOS_DEPLOYMENT_TARGET = 7.1;
				ONLY_ACTIVE_ARCH = YES;
				SDKROOT = iphoneos;
				TARGETED_DEVICE_FAMILY = "1,2";
			};
			name = Debug;
		};
		3385297119CA1BB70074D140 /* Release */ = {
			isa = XCBuildConfiguration;
			buildSettings = {
				ALWAYS_SEARCH_USER_PATHS = NO;
				CLANG_CXX_LANGUAGE_STANDARD = "gnu++0x";
				CLANG_CXX_LIBRARY = "libc++";
				CLANG_ENABLE_MODULES = YES;
				CLANG_ENABLE_OBJC_ARC = YES;
				CLANG_WARN_BOOL_CONVERSION = YES;
				CLANG_WARN_CONSTANT_CONVERSION = YES;
				CLANG_WARN_DIRECT_OBJC_ISA_USAGE = YES_ERROR;
				CLANG_WARN_EMPTY_BODY = YES;
				CLANG_WARN_ENUM_CONVERSION = YES;
				CLANG_WARN_INT_CONVERSION = YES;
				CLANG_WARN_OBJC_ROOT_CLASS = YES_ERROR;
				CLANG_WARN__DUPLICATE_METHOD_MATCH = YES;
				"CODE_SIGN_IDENTITY[sdk=iphoneos*]" = "iPhone Developer";
				COPY_PHASE_STRIP = YES;
				ENABLE_NS_ASSERTIONS = NO;
				GCC_C_LANGUAGE_STANDARD = gnu99;
				GCC_WARN_64_TO_32_BIT_CONVERSION = YES;
				GCC_WARN_ABOUT_RETURN_TYPE = YES_ERROR;
				GCC_WARN_UNDECLARED_SELECTOR = YES;
				GCC_WARN_UNINITIALIZED_AUTOS = YES_AGGRESSIVE;
				GCC_WARN_UNUSED_FUNCTION = YES;
				GCC_WARN_UNUSED_VARIABLE = YES;
				IPHONEOS_DEPLOYMENT_TARGET = 7.1;
				SDKROOT = iphoneos;
				TARGETED_DEVICE_FAMILY = "1,2";
				VALIDATE_PRODUCT = YES;
			};
			name = Release;
		};
		3385297319CA1BB70074D140 /* Debug */ = {
			isa = XCBuildConfiguration;
			buildSettings = {
				ASSETCATALOG_COMPILER_APPICON_NAME = AppIcon;
				ASSETCATALOG_COMPILER_LAUNCHIMAGE_NAME = LaunchImage;
				GCC_PRECOMPILE_PREFIX_HEADER = YES;
				GCC_PREFIX_HEADER = "BillApp/BillApp-Prefix.pch";
				INFOPLIST_FILE = "BillApp/BillApp-Info.plist";
				IPHONEOS_DEPLOYMENT_TARGET = 7.0;
				PRODUCT_NAME = "$(TARGET_NAME)";
				TARGETED_DEVICE_FAMILY = "1,2";
				WRAPPER_EXTENSION = app;
			};
			name = Debug;
		};
		3385297419CA1BB70074D140 /* Release */ = {
			isa = XCBuildConfiguration;
			buildSettings = {
				ASSETCATALOG_COMPILER_APPICON_NAME = AppIcon;
				ASSETCATALOG_COMPILER_LAUNCHIMAGE_NAME = LaunchImage;
				GCC_PRECOMPILE_PREFIX_HEADER = YES;
				GCC_PREFIX_HEADER = "BillApp/BillApp-Prefix.pch";
				INFOPLIST_FILE = "BillApp/BillApp-Info.plist";
				IPHONEOS_DEPLOYMENT_TARGET = 7.0;
				PRODUCT_NAME = "$(TARGET_NAME)";
				TARGETED_DEVICE_FAMILY = "1,2";
				WRAPPER_EXTENSION = app;
			};
			name = Release;
		};
		3385297619CA1BB70074D140 /* Debug */ = {
			isa = XCBuildConfiguration;
			buildSettings = {
				BUNDLE_LOADER = "$(BUILT_PRODUCTS_DIR)/BillApp.app/BillApp";
				FRAMEWORK_SEARCH_PATHS = (
					"$(SDKROOT)/Developer/Library/Frameworks",
					"$(inherited)",
					"$(DEVELOPER_FRAMEWORKS_DIR)",
				);
				GCC_PRECOMPILE_PREFIX_HEADER = YES;
				GCC_PREFIX_HEADER = "BillApp/BillApp-Prefix.pch";
				GCC_PREPROCESSOR_DEFINITIONS = (
					"DEBUG=1",
					"$(inherited)",
				);
				INFOPLIST_FILE = "BillAppTests/BillAppTests-Info.plist";
				PRODUCT_NAME = "$(TARGET_NAME)";
				TEST_HOST = "$(BUNDLE_LOADER)";
				WRAPPER_EXTENSION = xctest;
			};
			name = Debug;
		};
		3385297719CA1BB70074D140 /* Release */ = {
			isa = XCBuildConfiguration;
			buildSettings = {
				BUNDLE_LOADER = "$(BUILT_PRODUCTS_DIR)/BillApp.app/BillApp";
				FRAMEWORK_SEARCH_PATHS = (
					"$(SDKROOT)/Developer/Library/Frameworks",
					"$(inherited)",
					"$(DEVELOPER_FRAMEWORKS_DIR)",
				);
				GCC_PRECOMPILE_PREFIX_HEADER = YES;
				GCC_PREFIX_HEADER = "BillApp/BillApp-Prefix.pch";
				INFOPLIST_FILE = "BillAppTests/BillAppTests-Info.plist";
				PRODUCT_NAME = "$(TARGET_NAME)";
				TEST_HOST = "$(BUNDLE_LOADER)";
				WRAPPER_EXTENSION = xctest;
			};
			name = Release;
		};
/* End XCBuildConfiguration section */

/* Begin XCConfigurationList section */
		3385293819CA1BB70074D140 /* Build configuration list for PBXProject "BillApp" */ = {
			isa = XCConfigurationList;
			buildConfigurations = (
				3385297019CA1BB70074D140 /* Debug */,
				3385297119CA1BB70074D140 /* Release */,
			);
			defaultConfigurationIsVisible = 0;
			defaultConfigurationName = Release;
		};
		3385297219CA1BB70074D140 /* Build configuration list for PBXNativeTarget "BillApp" */ = {
			isa = XCConfigurationList;
			buildConfigurations = (
				3385297319CA1BB70074D140 /* Debug */,
				3385297419CA1BB70074D140 /* Release */,
			);
			defaultConfigurationIsVisible = 0;
			defaultConfigurationName = Release;
		};
		3385297519CA1BB70074D140 /* Build configuration list for PBXNativeTarget "BillAppTests" */ = {
			isa = XCConfigurationList;
			buildConfigurations = (
				3385297619CA1BB70074D140 /* Debug */,
				3385297719CA1BB70074D140 /* Release */,
			);
			defaultConfigurationIsVisible = 0;
			defaultConfigurationName = Release;
		};
/* End XCConfigurationList section */
	};
	rootObject = 3385293519CA1BB70074D140 /* Project object */;
}
